
Microsoft Visual Studio Solution File, Format Version 12.00
# Visual Studio Version 17
VisualStudioVersion = 17.5.002.0
MinimumVisualStudioVersion = 10.0.40219.1
Project("{9A19103F-16F7-4668-BE54-9A1E7A4F7556}") = "Library", "Library\Library.csproj", "{A63F6622-E6F4-4BEA-8514-68C3331AB3CB}"
EndProject
Project("{9A19103F-16F7-4668-BE54-9A1E7A4F7556}") = "Program", "Program\Program.csproj", "{ABE823A8-E6F5-4B14-8C7F-3A526E2F8480}"
EndProject
Global
	GlobalSection(SolutionConfigurationPlatforms) = preSolution
		Debug|Any CPU = Debug|Any CPU
		Release|Any CPU = Release|Any CPU
	EndGlobalSection
	GlobalSection(ProjectConfigurationPlatforms) = postSolution
		{A63F6622-E6F4-4BEA-8514-68C3331AB3CB}.Debug|Any CPU.ActiveCfg = Debug|Any CPU
		{A63F6622-E6F4-4BEA-8514-68C3331AB3CB}.Debug|Any CPU.Build.0 = Debug|Any CPU
		{A63F6622-E6F4-4BEA-8514-68C3331AB3CB}.Release|Any CPU.ActiveCfg = Release|Any CPU
		{A63F6622-E6F4-4BEA-8514-68C3331AB3CB}.Release|Any CPU.Build.0 = Release|Any CPU
		{ABE823A8-E6F5-4B14-8C7F-3A526E2F8480}.Debug|Any CPU.ActiveCfg = Debug|Any CPU
		{ABE823A8-E6F5-4B14-8C7F-3A526E2F8480}.Debug|Any CPU.Build.0 = Debug|Any CPU
		{ABE823A8-E6F5-4B14-8C7F-3A526E2F8480}.Release|Any CPU.ActiveCfg = Release|Any CPU
		{ABE823A8-E6F5-4B14-8C7F-3A526E2F8480}.Release|Any CPU.Build.0 = Release|Any CPU
	EndGlobalSection
	GlobalSection(SolutionProperties) = preSolution
		HideSolutionNode = FALSE
	EndGlobalSection
	GlobalSection(ExtensibilityGlobals) = postSolution
		SolutionGuid = {FC975B1E-2F0D-4114-BE7D-5500535DFAF4}
	EndGlobalSection
EndGlobal
